// !$*UTF8*$!
{
	archiveVersion = 1;
	classes = {
	};
	objectVersion = 77;
	objects = {

/* Begin PBXContainerItemProxy section */
		CFEDBF272FA227D1002CDF8D /* PBXContainerItemProxy */ = {
			isa = PBXContainerItemProxy;
			containerPortal = CFEDBF0F2FA227CF002CDF8D /* Project object */;
			proxyType = 1;
			remoteGlobalIDString = CFEDBF162FA227CF002CDF8D;
			remoteInfo = ZeroSync;
		};
		CFEDBF312FA227D1002CDF8D /* PBXContainerItemProxy */ = {
			isa = PBXContainerItemProxy;
			containerPortal = CFEDBF0F2FA227CF002CDF8D /* Project object */;
			proxyType = 1;
			remoteGlobalIDString = CFEDBF162FA227CF002CDF8D;
			remoteInfo = ZeroSync;
		};
/* End PBXContainerItemProxy section */

/* Begin PBXFileReference section */
		CFEDBF172FA227CF002CDF8D /* ZeroSync.app */ = {isa = PBXFileReference; explicitFileType = wrapper.application; includeInIndex = 0; path = ZeroSync.app; sourceTree = BUILT_PRODUCTS_DIR; };
		CFEDBF262FA227D1002CDF8D /* ZeroSyncTests.xctest */ = {isa = PBXFileReference; explicitFileType = wrapper.cfbundle; includeInIndex = 0; path = ZeroSyncTests.xctest; sourceTree = BUILT_PRODUCTS_DIR; };
		CFEDBF302FA227D1002CDF8D /* ZeroSyncUITests.xctest */ = {isa = PBXFileReference; explicitFileType = wrapper.cfbundle; includeInIndex = 0; path = ZeroSyncUITests.xctest; sourceTree = BUILT_PRODUCTS_DIR; };
/* End PBXFileReference section */

/* Begin PBXFileSystemSynchronizedRootGroup section */
		CFEDBF192FA227CF002CDF8D /* ZeroSync */ = {
			isa = PBXFileSystemSynchronizedRootGroup;
			path = ZeroSync;
			sourceTree = "<group>";
		};
		CFEDBF292FA227D1002CDF8D /* ZeroSyncTests */ = {
			isa = PBXFileSystemSynchronizedRootGroup;
			path = ZeroSyncTests;
			sourceTree = "<group>";
		};
		CFEDBF332FA227D1002CDF8D /* ZeroSyncUITests */ = {
			isa = PBXFileSystemSynchronizedRootGroup;
			path = ZeroSyncUITests;
			sourceTree = "<group>";
		};
/* End PBXFileSystemSynchronizedRootGroup section */

/* Begin PBXFrameworksBuildPhase section */
		CFEDBF142FA227CF002CDF8D /* Frameworks */ = {
			isa = PBXFrameworksBuildPhase;
			buildActionMask = 2147483647;
			files = (
			);
			runOnlyForDeploymentPostprocessing = 0;
		};
		CFEDBF232FA227D1002CDF8D /* Frameworks */ = {
			isa = PBXFrameworksBuildPhase;
			buildActionMask = 2147483647;
			files = (
			);
			runOnlyForDeploymentPostprocessing = 0;
		};
		CFEDBF2D2FA227D1002CDF8D /* Frameworks */ = {
			isa = PBXFrameworksBuildPhase;
			buildActionMask = 2147483647;
			files = (
			);
			runOnlyForDeploymentPostprocessing = 0;
		};
/* End PBXFrameworksBuildPhase section */

/* Begin PBXGroup section */
		CFEDBF0E2FA227CF002CDF8D = {
			isa = PBXGroup;
			children = (
				CFEDBF192FA227CF002CDF8D /* ZeroSync */,
				CFEDBF292FA227D1002CDF8D /* ZeroSyncTests */,
				CFEDBF332FA227D1002CDF8D /* ZeroSyncUITests */,
				CFEDBF182FA227CF002CDF8D /* Products */,
			);
			sourceTree = "<group>";
		};
		CFEDBF182FA227CF002CDF8D /* Products */ = {
			isa = PBXGroup;
			children = (
				CFEDBF172FA227CF002CDF8D /* ZeroSync.app */,
				CFEDBF262FA227D1002CDF8D /* ZeroSyncTests.xctest */,
				CFEDBF302FA227D1002CDF8D /* ZeroSyncUITests.xctest */,
			);
			name = Products;
			sourceTree = "<group>";
		};
/* End PBXGroup section */

/* Begin PBXNativeTarget section */
		CFEDBF162FA227CF002CDF8D /* ZeroSync */ = {
			isa = PBXNativeTarget;
			buildConfigurationList = CFEDBF3A2FA227D1002CDF8D /* Build configuration list for PBXNativeTarget "ZeroSync" */;
			buildPhases = (
				CFEDBF132FA227CF002CDF8D /* Sources */,
				CFEDBF142FA227CF002CDF8D /* Frameworks */,
				CFEDBF152FA227CF002CDF8D /* Resources */,
			);
			buildRules = (
			);
			dependencies = (
			);
			fileSystemSynchronizedGroups = (
				CFEDBF192FA227CF002CDF8D /* ZeroSync */,
			);
			name = ZeroSync;
			packageProductDependencies = (
			);
			productName = ZeroSync;
			productReference = CFEDBF172FA227CF002CDF8D /* ZeroSync.app */;
			productType = "com.apple.product-type.application";
		};
		CFEDBF252FA227D1002CDF8D /* ZeroSyncTests */ = {
			isa = PBXNativeTarget;
			buildConfigurationList = CFEDBF3D2FA227D1002CDF8D /* Build configuration list for PBXNativeTarget "ZeroSyncTests" */;
			buildPhases = (
				CFEDBF222FA227D1002CDF8D /* Sources */,
				CFEDBF232FA227D1002CDF8D /* Frameworks */,
				CFEDBF242FA227D1002CDF8D /* Resources */,
			);
			buildRules = (
			);
			dependencies = (
				CFEDBF282FA227D1002CDF8D /* PBXTargetDependency */,
			);
			fileSystemSynchronizedGroups = (
				CFEDBF292FA227D1002CDF8D /* ZeroSyncTests */,
			);
			name = ZeroSyncTests;
			packageProductDependencies = (
			);
			productName = ZeroSyncTests;
			productReference = CFEDBF262FA227D1002CDF8D /* ZeroSyncTests.xctest */;
			productType = "com.apple.product-type.bundle.unit-test";
		};
		CFEDBF2F2FA227D1002CDF8D /* ZeroSyncUITests */ = {
			isa = PBXNativeTarget;
			buildConfigurationList = CFEDBF402FA227D1002CDF8D /* Build configuration list for PBXNativeTarget "ZeroSyncUITests" */;
			buildPhases = (
				CFEDBF2C2FA227D1002CDF8D /* Sources */,
				CFEDBF2D2FA227D1002CDF8D /* Frameworks */,
				CFEDBF2E2FA227D1002CDF8D /* Resources */,
			);
			buildRules = (
			);
			dependencies = (
				CFEDBF322FA227D1002CDF8D /* PBXTargetDependency */,
			);
			fileSystemSynchronizedGroups = (
				CFEDBF332FA227D1002CDF8D /* ZeroSyncUITests */,
			);
			name = ZeroSyncUITests;
			packageProductDependencies = (
			);
			productName = ZeroSyncUITests;
			productReference = CFEDBF302FA227D1002CDF8D /* ZeroSyncUITests.xctest */;
			productType = "com.apple.product-type.bundle.ui-testing";
		};
/* End PBXNativeTarget section */

/* Begin PBXProject section */
		CFEDBF0F2FA227CF002CDF8D /* Project object */ = {
			isa = PBXProject;
			attributes = {
				BuildIndependentTargetsInParallel = 1;
				LastSwiftUpdateCheck = 2620;
				LastUpgradeCheck = 2620;
				TargetAttributes = {
					CFEDBF162FA227CF002CDF8D = {
						CreatedOnToolsVersion = 26.2;
					};
					CFEDBF252FA227D1002CDF8D = {
						CreatedOnToolsVersion = 26.2;
						TestTargetID = CFEDBF162FA227CF002CDF8D;
					};
					CFEDBF2F2FA227D1002CDF8D = {
						CreatedOnToolsVersion = 26.2;
						TestTargetID = CFEDBF162FA227CF002CDF8D;
					};
				};
			};
			buildConfigurationList = CFEDBF122FA227CF002CDF8D /* Build configuration list for PBXProject "ZeroSync" */;
			developmentRegion = en;
			hasScannedForEncodings = 0;
			knownRegions = (
				en,
				Base,
			);
			mainGroup = CFEDBF0E2FA227CF002CDF8D;
			minimizedProjectReferenceProxies = 1;
			preferredProjectObjectVersion = 77;
			productRefGroup = CFEDBF182FA227CF002CDF8D /* Products */;
			projectDirPath = "";
			projectRoot = "";
			targets = (
				CFEDBF162FA227CF002CDF8D /* ZeroSync */,
				CFEDBF252FA227D1002CDF8D /* ZeroSyncTests */,
				CFEDBF2F2FA227D1002CDF8D /* ZeroSyncUITests */,
			);
		};
/* End PBXProject section */

/* Begin PBXResourcesBuildPhase section */
		CFEDBF152FA227CF002CDF8D /* Resources */ = {
			isa = PBXResourcesBuildPhase;
			buildActionMask = 2147483647;
			files = (
			);
			runOnlyForDeploymentPostprocessing = 0;
		};
		CFEDBF242FA227D1002CDF8D /* Resources */ = {
			isa = PBXResourcesBuildPhase;
			buildActionMask = 2147483647;
			files = (
			);
			runOnlyForDeploymentPostprocessing = 0;
		};
		CFEDBF2E2FA227D1002CDF8D /* Resources */ = {
			isa = PBXResourcesBuildPhase;
			buildActionMask = 2147483647;
			files = (
			);
			runOnlyForDeploymentPostprocessing = 0;
		};
/* End PBXResourcesBuildPhase section */

/* Begin PBXSourcesBuildPhase section */
		CFEDBF132FA227CF002CDF8D /* Sources */ = {
			isa = PBXSourcesBuildPhase;
			buildActionMask = 2147483647;
			files = (
			);
			runOnlyForDeploymentPostprocessing = 0;
		};
		CFEDBF222FA227D1002CDF8D /* Sources */ = {
			isa = PBXSourcesBuildPhase;
			buildActionMask = 2147483647;
			files = (
			);
			runOnlyForDeploymentPostprocessing = 0;
		};
		CFEDBF2C2FA227D1002CDF8D /* Sources */ = {
			isa = PBXSourcesBuildPhase;
			buildActionMask = 2147483647;
			files = (
			);
			runOnlyForDeploymentPostprocessing = 0;
		};
/* End PBXSourcesBuildPhase section */

/* Begin PBXTargetDependency section */
		CFEDBF282FA227D1002CDF8D /* PBXTargetDependency */ = {
			isa = PBXTargetDependency;
			target = CFEDBF162FA227CF002CDF8D /* ZeroSync */;
			targetProxy = CFEDBF272FA227D1002CDF8D /* PBXContainerItemProxy */;
		};
		CFEDBF322FA227D1002CDF8D /* PBXTargetDependency */ = {
			isa = PBXTargetDependency;
			target = CFEDBF162FA227CF002CDF8D /* ZeroSync */;
			targetProxy = CFEDBF312FA227D1002CDF8D /* PBXContainerItemProxy */;
		};
/* End PBXTargetDependency section */

/* Begin XCBuildConfiguration section */
		CFEDBF382FA227D1002CDF8D /* Debug */ = {
			isa = XCBuildConfiguration;
			buildSettings = {
				ALWAYS_SEARCH_USER_PATHS = NO;
				ASSETCATALOG_COMPILER_GENERATE_SWIFT_ASSET_SYMBOL_EXTENSIONS = YES;
				CLANG_ANALYZER_NONNULL = YES;
				CLANG_ANALYZER_NUMBER_OBJECT_CONVERSION = YES_AGGRESSIVE;
				CLANG_CXX_LANGUAGE_STANDARD = "gnu++20";
				CLANG_ENABLE_MODULES = YES;
				CLANG_ENABLE_OBJC_ARC = YES;
				CLANG_ENABLE_OBJC_WEAK = YES;
				CLANG_WARN_BLOCK_CAPTURE_AUTORELEASING = YES;
				CLANG_WARN_BOOL_CONVERSION = YES;
				CLANG_WARN_COMMA = YES;
				CLANG_WARN_CONSTANT_CONVERSION = YES;
				CLANG_WARN_DEPRECATED_OBJC_IMPLEMENTATIONS = YES;
				CLANG_WARN_DIRECT_OBJC_ISA_USAGE = YES_ERROR;
				CLANG_WARN_DOCUMENTATION_COMMENTS = YES;
				CLANG_WARN_EMPTY_BODY = YES;
				CLANG_WARN_ENUM_CONVERSION = YES;
				CLANG_WARN_INFINITE_RECURSION = YES;
				CLANG_WARN_INT_CONVERSION = YES;
				CLANG_WARN_NON_LITERAL_NULL_CONVERSION = YES;
				CLANG_WARN_OBJC_IMPLICIT_RETAIN_SELF = YES;
				CLANG_WARN_OBJC_LITERAL_CONVERSION = YES;
				CLANG_WARN_OBJC_ROOT_CLASS = YES_ERROR;
				CLANG_WARN_QUOTED_INCLUDE_IN_FRAMEWORK_HEADER = YES;
				CLANG_WARN_RANGE_LOOP_ANALYSIS = YES;
				CLANG_WARN_STRICT_PROTOTYPES = YES;
				CLANG_WARN_SUSPICIOUS_MOVE = YES;
				CLANG_WARN_UNGUARDED_AVAILABILITY = YES_AGGRESSIVE;
				CLANG_WARN_UNREACHABLE_CODE = YES;
				CLANG_WARN__DUPLICATE_METHOD_MATCH = YES;
				COPY_PHASE_STRIP = NO;
				DEBUG_INFORMATION_FORMAT = dwarf;
				DEVELOPMENT_TEAM = 5G6N83PM9C;
				ENABLE_STRICT_OBJC_MSGSEND = YES;
				ENABLE_TESTABILITY = YES;
				ENABLE_USER_SCRIPT_SANDBOXING = YES;
				GCC_C_LANGUAGE_STANDARD = gnu17;
				GCC_DYNAMIC_NO_PIC = NO;
				GCC_NO_COMMON_BLOCKS = YES;
				GCC_OPTIMIZATION_LEVEL = 0;
				GCC_PREPROCESSOR_DEFINITIONS = (
					"DEBUG=1",
					"$(inherited)",
				);
				GCC_WARN_64_TO_32_BIT_CONVERSION = YES;
				GCC_WARN_ABOUT_RETURN_TYPE = YES_ERROR;
				GCC_WARN_UNDECLARED_SELECTOR = YES;
				GCC_WARN_UNINITIALIZED_AUTOS = YES_AGGRESSIVE;
				GCC_WARN_UNUSED_FUNCTION = YES;
				GCC_WARN_UNUSED_VARIABLE = YES;
				LOCALIZATION_PREFERS_STRING_CATALOGS = YES;
				MACOSX_DEPLOYMENT_TARGET = 26.1;
				MTL_ENABLE_DEBUG_INFO = INCLUDE_SOURCE;
				MTL_FAST_MATH = YES;
				ONLY_ACTIVE_ARCH = YES;
				SDKROOT = macosx;
				SWIFT_ACTIVE_COMPILATION_CONDITIONS = "DEBUG $(inherited)";
				SWIFT_OPTIMIZATION_LEVEL = "-Onone";
			};
			name = Debug;
		};
		CFEDBF392FA227D1002CDF8D /* Release */ = {
			isa = XCBuildConfiguration;
			buildSettings = {
				ALWAYS_SEARCH_USER_PATHS = NO;
				ASSETCATALOG_COMPILER_GENERATE_SWIFT_ASSET_SYMBOL_EXTENSIONS = YES;
				CLANG_ANALYZER_NONNULL = YES;
				CLANG_ANALYZER_NUMBER_OBJECT_CONVERSION = YES_AGGRESSIVE;
				CLANG_CXX_LANGUAGE_STANDARD = "gnu++20";
				CLANG_ENABLE_MODULES = YES;
				CLANG_ENABLE_OBJC_ARC = YES;
				CLANG_ENABLE_OBJC_WEAK = YES;
				CLANG_WARN_BLOCK_CAPTURE_AUTORELEASING = YES;
				CLANG_WARN_BOOL_CONVERSION = YES;
				CLANG_WARN_COMMA = YES;
				CLANG_WARN_CONSTANT_CONVERSION = YES;
				CLANG_WARN_DEPRECATED_OBJC_IMPLEMENTATIONS = YES;
				CLANG_WARN_DIRECT_OBJC_ISA_USAGE = YES_ERROR;
				CLANG_WARN_DOCUMENTATION_COMMENTS = YES;
				CLANG_WARN_EMPTY_BODY = YES;
				CLANG_WARN_ENUM_CONVERSION = YES;
				CLANG_WARN_INFINITE_RECURSION = YES;
				CLANG_WARN_INT_CONVERSION = YES;
				CLANG_WARN_NON_LITERAL_NULL_CONVERSION = YES;
				CLANG_WARN_OBJC_IMPLICIT_RETAIN_SELF = YES;
				CLANG_WARN_OBJC_LITERAL_CONVERSION = YES;
				CLANG_WARN_OBJC_ROOT_CLASS = YES_ERROR;
				CLANG_WARN_QUOTED_INCLUDE_IN_FRAMEWORK_HEADER = YES;
				CLANG_WARN_RANGE_LOOP_ANALYSIS = YES;
				CLANG_WARN_STRICT_PROTOTYPES = YES;
				CLANG_WARN_SUSPICIOUS_MOVE = YES;
				CLANG_WARN_UNGUARDED_AVAILABILITY = YES_AGGRESSIVE;
				CLANG_WARN_UNREACHABLE_CODE = YES;
				CLANG_WARN__DUPLICATE_METHOD_MATCH = YES;
				COPY_PHASE_STRIP = NO;
				DEBUG_INFORMATION_FORMAT = "dwarf-with-dsym";
				DEVELOPMENT_TEAM = 5G6N83PM9C;
				ENABLE_NS_ASSERTIONS = NO;
				ENABLE_STRICT_OBJC_MSGSEND = YES;
				ENABLE_USER_SCRIPT_SANDBOXING = YES;
				GCC_C_LANGUAGE_STANDARD = gnu17;
				GCC_NO_COMMON_BLOCKS = YES;
				GCC_WARN_64_TO_32_BIT_CONVERSION = YES;
				GCC_WARN_ABOUT_RETURN_TYPE = YES_ERROR;
				GCC_WARN_UNDECLARED_SELECTOR = YES;
				GCC_WARN_UNINITIALIZED_AUTOS = YES_AGGRESSIVE;
				GCC_WARN_UNUSED_FUNCTION = YES;
				GCC_WARN_UNUSED_VARIABLE = YES;
				LOCALIZATION_PREFERS_STRING_CATALOGS = YES;
				MACOSX_DEPLOYMENT_TARGET = 26.1;
				MTL_ENABLE_DEBUG_INFO = NO;
				MTL_FAST_MATH = YES;
				SDKROOT = macosx;
				SWIFT_COMPILATION_MODE = wholemodule;
			};
			name = Release;
		};
		CFEDBF3B2FA227D1002CDF8D /* Debug */ = {
			isa = XCBuildConfiguration;
			buildSettings = {
				ASSETCATALOG_COMPILER_APPICON_NAME = AppIcon;
				ASSETCATALOG_COMPILER_GLOBAL_ACCENT_COLOR_NAME = AccentColor;
				CODE_SIGN_ENTITLEMENTS = ZeroSync/ZeroSync.entitlements;
				CODE_SIGN_STYLE = Automatic;
				COMBINE_HIDPI_IMAGES = YES;
				CURRENT_PROJECT_VERSION = 1;
				DEVELOPMENT_TEAM = 5G6N83PM9C;
				ENABLE_APP_SANDBOX = YES;
				ENABLE_HARDENED_RUNTIME = YES;
				ENABLE_PREVIEWS = YES;
				ENABLE_USER_SELECTED_FILES = readonly;
				GENERATE_INFOPLIST_FILE = YES;
				INFOPLIST_KEY_NSHumanReadableCopyright = "";
				LD_RUNPATH_SEARCH_PATHS = (
					"$(inherited)",
					"@executable_path/../Frameworks",
				);
				MARKETING_VERSION = 1.0;
				PRODUCT_BUNDLE_IDENTIFIER = com.yhjo.ZeroSync;
				PRODUCT_NAME = "$(TARGET_NAME)";
				REGISTER_APP_GROUPS = YES;
				STRING_CATALOG_GENERATE_SYMBOLS = YES;
				SWIFT_APPROACHABLE_CONCURRENCY = YES;
				SWIFT_DEFAULT_ACTOR_ISOLATION = MainActor;
				SWIFT_EMIT_LOC_STRINGS = YES;
				SWIFT_UPCOMING_FEATURE_MEMBER_IMPORT_VISIBILITY = YES;
				SWIFT_VERSION = 5.0;
			};
			name = Debug;
		};
		CFEDBF3C2FA227D1002CDF8D /* Release */ = {
			isa = XCBuildConfiguration;
			buildSettings = {
				ASSETCATALOG_COMPILER_APPICON_NAME = AppIcon;
				ASSETCATALOG_COMPILER_GLOBAL_ACCENT_COLOR_NAME = AccentColor;
				CODE_SIGN_ENTITLEMENTS = ZeroSync/ZeroSync.entitlements;
				CODE_SIGN_STYLE = Automatic;
				COMBINE_HIDPI_IMAGES = YES;
				CURRENT_PROJECT_VERSION = 1;
				DEVELOPMENT_TEAM = 5G6N83PM9C;
				ENABLE_APP_SANDBOX = YES;
				ENABLE_HARDENED_RUNTIME = YES;
				ENABLE_PREVIEWS = YES;
				ENABLE_USER_SELECTED_FILES = readonly;
				GENERATE_INFOPLIST_FILE = YES;
				INFOPLIST_KEY_NSHumanReadableCopyright = "";
				LD_RUNPATH_SEARCH_PATHS = (
					"$(inherited)",
					"@executable_path/../Frameworks",
				);
				MARKETING_VERSION = 1.0;
				PRODUCT_BUNDLE_IDENTIFIER = com.yhjo.ZeroSync;
				PRODUCT_NAME = "$(TARGET_NAME)";
				REGISTER_APP_GROUPS = YES;
				STRING_CATALOG_GENERATE_SYMBOLS = YES;
				SWIFT_APPROACHABLE_CONCURRENCY = YES;
				SWIFT_DEFAULT_ACTOR_ISOLATION = MainActor;
				SWIFT_EMIT_LOC_STRINGS = YES;
				SWIFT_UPCOMING_FEATURE_MEMBER_IMPORT_VISIBILITY = YES;
				SWIFT_VERSION = 5.0;
			};
			name = Release;
		};
		CFEDBF3E2FA227D1002CDF8D /* Debug */ = {
			isa = XCBuildConfiguration;
			buildSettings = {
				BUNDLE_LOADER = "$(TEST_HOST)";
				CODE_SIGN_STYLE = Automatic;
				CURRENT_PROJECT_VERSION = 1;
				DEVELOPMENT_TEAM = 5G6N83PM9C;
				GENERATE_INFOPLIST_FILE = YES;
				MACOSX_DEPLOYMENT_TARGET = 26.1;
				MARKETING_VERSION = 1.0;
				PRODUCT_BUNDLE_IDENTIFIER = com.yhjo.ZeroSyncTests;
				PRODUCT_NAME = "$(TARGET_NAME)";
				STRING_CATALOG_GENERATE_SYMBOLS = NO;
				SWIFT_APPROACHABLE_CONCURRENCY = YES;
				SWIFT_EMIT_LOC_STRINGS = NO;
				SWIFT_UPCOMING_FEATURE_MEMBER_IMPORT_VISIBILITY = YES;
				SWIFT_VERSION = 5.0;
				TEST_HOST = "$(BUILT_PRODUCTS_DIR)/ZeroSync.app/$(BUNDLE_EXECUTABLE_FOLDER_PATH)/ZeroSync";
			};
			name = Debug;
		};
		CFEDBF3F2FA227D1002CDF8D /* Release */ = {
			isa = XCBuildConfiguration;
			buildSettings = {
				BUNDLE_LOADER = "$(TEST_HOST)";
				CODE_SIGN_STYLE = Automatic;
				CURRENT_PROJECT_VERSION = 1;
				DEVELOPMENT_TEAM = 5G6N83PM9C;
				GENERATE_INFOPLIST_FILE = YES;
				MACOSX_DEPLOYMENT_TARGET = 26.1;
				MARKETING_VERSION = 1.0;
				PRODUCT_BUNDLE_IDENTIFIER = com.yhjo.ZeroSyncTests;
				PRODUCT_NAME = "$(TARGET_NAME)";
				STRING_CATALOG_GENERATE_SYMBOLS = NO;
				SWIFT_APPROACHABLE_CONCURRENCY = YES;
				SWIFT_EMIT_LOC_STRINGS = NO;
				SWIFT_UPCOMING_FEATURE_MEMBER_IMPORT_VISIBILITY = YES;
				SWIFT_VERSION = 5.0;
				TEST_HOST = "$(BUILT_PRODUCTS_DIR)/ZeroSync.app/$(BUNDLE_EXECUTABLE_FOLDER_PATH)/ZeroSync";
			};
			name = Release;
		};
		CFEDBF412FA227D1002CDF8D /* Debug */ = {
			isa = XCBuildConfiguration;
			buildSettings = {
				CODE_SIGN_STYLE = Automatic;
				CURRENT_PROJECT_VERSION = 1;
				DEVELOPMENT_TEAM = 5G6N83PM9C;
				GENERATE_INFOPLIST_FILE = YES;
				MARKETING_VERSION = 1.0;
				PRODUCT_BUNDLE_IDENTIFIER = com.yhjo.ZeroSyncUITests;
				PRODUCT_NAME = "$(TARGET_NAME)";
				STRING_CATALOG_GENERATE_SYMBOLS = NO;
				SWIFT_APPROACHABLE_CONCURRENCY = YES;
				SWIFT_EMIT_LOC_STRINGS = NO;
				SWIFT_UPCOMING_FEATURE_MEMBER_IMPORT_VISIBILITY = YES;
				SWIFT_VERSION = 5.0;
				TEST_TARGET_NAME = ZeroSync;
			};
			name = Debug;
		};
		CFEDBF422FA227D1002CDF8D /* Release */ = {
			isa = XCBuildConfiguration;
			buildSettings = {
				CODE_SIGN_STYLE = Automatic;
				CURRENT_PROJECT_VERSION = 1;
				DEVELOPMENT_TEAM = 5G6N83PM9C;
				GENERATE_INFOPLIST_FILE = YES;
				MARKETING_VERSION = 1.0;
				PRODUCT_BUNDLE_IDENTIFIER = com.yhjo.ZeroSyncUITests;
				PRODUCT_NAME = "$(TARGET_NAME)";
				STRING_CATALOG_GENERATE_SYMBOLS = NO;
				SWIFT_APPROACHABLE_CONCURRENCY = YES;
				SWIFT_EMIT_LOC_STRINGS = NO;
				SWIFT_UPCOMING_FEATURE_MEMBER_IMPORT_VISIBILITY = YES;
				SWIFT_VERSION = 5.0;
				TEST_TARGET_NAME = ZeroSync;
			};
			name = Release;
		};
/* End XCBuildConfiguration section */

/* Begin XCConfigurationList section */
		CFEDBF122FA227CF002CDF8D /* Build configuration list for PBXProject "ZeroSync" */ = {
			isa = XCConfigurationList;
			buildConfigurations = (
				CFEDBF382FA227D1002CDF8D /* Debug */,
				CFEDBF392FA227D1002CDF8D /* Release */,
			);
			defaultConfigurationIsVisible = 0;
			defaultConfigurationName = Release;
		};
		CFEDBF3A2FA227D1002CDF8D /* Build configuration list for PBXNativeTarget "ZeroSync" */ = {
			isa = XCConfigurationList;
			buildConfigurations = (
				CFEDBF3B2FA227D1002CDF8D /* Debug */,
				CFEDBF3C2FA227D1002CDF8D /* Release */,
			);
			defaultConfigurationIsVisible = 0;
			defaultConfigurationName = Release;
		};
		CFEDBF3D2FA227D1002CDF8D /* Build configuration list for PBXNativeTarget "ZeroSyncTests" */ = {
			isa = XCConfigurationList;
			buildConfigurations = (
				CFEDBF3E2FA227D1002CDF8D /* Debug */,
				CFEDBF3F2FA227D1002CDF8D /* Release */,
			);
			defaultConfigurationIsVisible = 0;
			defaultConfigurationName = Release;
		};
		CFEDBF402FA227D1002CDF8D /* Build configuration list for PBXNativeTarget "ZeroSyncUITests" */ = {
			isa = XCConfigurationList;
			buildConfigurations = (
				CFEDBF412FA227D1002CDF8D /* Debug */,
				CFEDBF422FA227D1002CDF8D /* Release */,
			);
			defaultConfigurationIsVisible = 0;
			defaultConfigurationName = Release;
		};
/* End XCConfigurationList section */
	};
	rootObject = CFEDBF0F2FA227CF002CDF8D /* Project object */;
}
